
Microsoft Visual Studio Solution File, Format Version 12.00
# Visual Studio 15
VisualStudioVersion = 15.0.28307.421
MinimumVisualStudioVersion = 10.0.40219.1
Project("{FAE04EC0-301F-11D3-BF4B-00C04F79EFBC}") = "MateSimple", "MateSimple\MateSimple.csproj", "{A1EBB66C-CF6F-411C-8C0C-231E09BE5EE0}"
EndProject
Project("{FAE04EC0-301F-11D3-BF4B-00C04F79EFBC}") = "Multiplicar", "Multiplicar\Multiplicar.csproj", "{046604E6-D4C9-4EE2-828B-A6BF857E9CF3}"
EndProject
Project("{FAE04EC0-301F-11D3-BF4B-00C04F79EFBC}") = "Sumatoria", "Sumatoria\Sumatoria.csproj", "{9DA4506C-5E51-403C-900F-BAE5A460EFCA}"
EndProject
Project("{FAE04EC0-301F-11D3-BF4B-00C04F79EFBC}") = "Fibonacci", "Fibonacci\Fibonacci.csproj", "{6A250FA1-F219-43C1-A3BE-E61192220A50}"
EndProject
Global
	GlobalSection(SolutionConfigurationPlatforms) = preSolution
		Debug|Any CPU = Debug|Any CPU
		Release|Any CPU = Release|Any CPU
	EndGlobalSection
	GlobalSection(ProjectConfigurationPlatforms) = postSolution
		{A1EBB66C-CF6F-411C-8C0C-231E09BE5EE0}.Debug|Any CPU.ActiveCfg = Debug|Any CPU
		{A1EBB66C-CF6F-411C-8C0C-231E09BE5EE0}.Debug|Any CPU.Build.0 = Debug|Any CPU
		{A1EBB66C-CF6F-411C-8C0C-231E09BE5EE0}.Release|Any CPU.ActiveCfg = Release|Any CPU
		{A1EBB66C-CF6F-411C-8C0C-231E09BE5EE0}.Release|Any CPU.Build.0 = Release|Any CPU
		{046604E6-D4C9-4EE2-828B-A6BF857E9CF3}.Debug|Any CPU.ActiveCfg = Debug|Any CPU
		{046604E6-D4C9-4EE2-828B-A6BF857E9CF3}.Debug|Any CPU.Build.0 = Debug|Any CPU
		{046604E6-D4C9-4EE2-828B-A6BF857E9CF3}.Release|Any CPU.ActiveCfg = Release|Any CPU
		{046604E6-D4C9-4EE2-828B-A6BF857E9CF3}.Release|Any CPU.Build.0 = Release|Any CPU
		{9DA4506C-5E51-403C-900F-BAE5A460EFCA}.Debug|Any CPU.ActiveCfg = Debug|Any CPU
		{9DA4506C-5E51-403C-900F-BAE5A460EFCA}.Debug|Any CPU.Build.0 = Debug|Any CPU
		{9DA4506C-5E51-403C-900F-BAE5A460EFCA}.Release|Any CPU.ActiveCfg = Release|Any CPU
		{9DA4506C-5E51-403C-900F-BAE5A460EFCA}.Release|Any CPU.Build.0 = Release|Any CPU
		{6A250FA1-F219-43C1-A3BE-E61192220A50}.Debug|Any CPU.ActiveCfg = Debug|Any CPU
		{6A250FA1-F219-43C1-A3BE-E61192220A50}.Debug|Any CPU.Build.0 = Debug|Any CPU
		{6A250FA1-F219-43C1-A3BE-E61192220A50}.Release|Any CPU.ActiveCfg = Release|Any CPU
		{6A250FA1-F219-43C1-A3BE-E61192220A50}.Release|Any CPU.Build.0 = Release|Any CPU
	EndGlobalSection
	GlobalSection(SolutionProperties) = preSolution
		HideSolutionNode = FALSE
	EndGlobalSection
	GlobalSection(ExtensibilityGlobals) = postSolution
		SolutionGuid = {BFC9B2DA-8746-4EF7-90D4-C9AFAAB99219}
	EndGlobalSection
EndGlobal
